
Microsoft Visual Studio Solution File, Format Version 12.00
# Visual Studio Version 17
VisualStudioVersion = 17.6.33417.168
MinimumVisualStudioVersion = 10.0.40219.1
Project("{FAE04EC0-301F-11D3-BF4B-00C04F79EFBC}") = "jwltfbBikeShopWebApp", "jwltfbBikeShopWebApp.csproj", "{623C4B6E-A4B9-4CCC-A5B5-6A8F654EABBB}"
EndProject
Project("{FAE04EC0-301F-11D3-BF4B-00C04F79EFBC}") = "jwltfbBikeShopWebApp.Tests", "..\jwltfbBikeShopWebApp.Tests\jwltfbBikeShopWebApp.Tests.csproj", "{A383A632-7F36-461F-832F-25A00BF5AA93}"
EndProject
Global
	GlobalSection(SolutionConfigurationPlatforms) = preSolution
		Debug|Any CPU = Debug|Any CPU
		Release|Any CPU = Release|Any CPU
	EndGlobalSection
	GlobalSection(ProjectConfigurationPlatforms) = postSolution
		{623C4B6E-A4B9-4CCC-A5B5-6A8F654EABBB}.Debug|Any CPU.ActiveCfg = Debug|Any CPU
		{623C4B6E-A4B9-4CCC-A5B5-6A8F654EABBB}.Debug|Any CPU.Build.0 = Debug|Any CPU
		{623C4B6E-A4B9-4CCC-A5B5-6A8F654EABBB}.Release|Any CPU.ActiveCfg = Release|Any CPU
		{623C4B6E-A4B9-4CCC-A5B5-6A8F654EABBB}.Release|Any CPU.Build.0 = Release|Any CPU
		{A383A632-7F36-461F-832F-25A00BF5AA93}.Debug|Any CPU.ActiveCfg = Debug|Any CPU
		{A383A632-7F36-461F-832F-25A00BF5AA93}.Debug|Any CPU.Build.0 = Debug|Any CPU
		{A383A632-7F36-461F-832F-25A00BF5AA93}.Release|Any CPU.ActiveCfg = Release|Any CPU
		{A383A632-7F36-461F-832F-25A00BF5AA93}.Release|Any CPU.Build.0 = Release|Any CPU
	EndGlobalSection
	GlobalSection(SolutionProperties) = preSolution
		HideSolutionNode = FALSE
	EndGlobalSection
	GlobalSection(ExtensibilityGlobals) = postSolution
		SolutionGuid = {FCC684D4-05DA-49FF-AB66-8ABB0D639D76}
	EndGlobalSection
EndGlobal
